
Microsoft Visual Studio Solution File, Format Version 12.00
# Visual Studio Version 18
VisualStudioVersion = 18.3.11512.155 d18.3
MinimumVisualStudioVersion = 10.0.40219.1
Project("{FAE04EC0-301F-11D3-BF4B-00C04F79EFBC}") = "HomeBudget.Api", "HomeBudget.Api.csproj", "{23ECFBB7-BAD9-72DF-7678-76CBA42419D4}"
EndProject
Global
	GlobalSection(SolutionConfigurationPlatforms) = preSolution
		Debug|Any CPU = Debug|Any CPU
		Release|Any CPU = Release|Any CPU
	EndGlobalSection
	GlobalSection(ProjectConfigurationPlatforms) = postSolution
		{23ECFBB7-BAD9-72DF-7678-76CBA42419D4}.Debug|Any CPU.ActiveCfg = Debug|Any CPU
		{23ECFBB7-BAD9-72DF-7678-76CBA42419D4}.Debug|Any CPU.Build.0 = Debug|Any CPU
		{23ECFBB7-BAD9-72DF-7678-76CBA42419D4}.Release|Any CPU.ActiveCfg = Release|Any CPU
		{23ECFBB7-BAD9-72DF-7678-76CBA42419D4}.Release|Any CPU.Build.0 = Release|Any CPU
	EndGlobalSection
	GlobalSection(SolutionProperties) = preSolution
		HideSolutionNode = FALSE
	EndGlobalSection
	GlobalSection(ExtensibilityGlobals) = postSolution
		SolutionGuid = {EF6710BE-DCCB-4E66-ACEB-2CC92ACD8D54}
	EndGlobalSection
EndGlobal
